
Microsoft Visual Studio Solution File, Format Version 12.00
# Visual Studio Version 17
VisualStudioVersion = 17.11.35312.102
MinimumVisualStudioVersion = 10.0.40219.1
Project("{FAE04EC0-301F-11D3-BF4B-00C04F79EFBC}") = "Hackaton.shared", "hackaton.shared\Hackaton.shared.csproj", "{7BD7FE5A-8E19-40D4-AA02-5BF6F4237001}"
EndProject
Project("{FAE04EC0-301F-11D3-BF4B-00C04F79EFBC}") = "Hackaton.API", "Hackaton.API\Hackaton.API.csproj", "{40936726-B347-4D3D-9ECA-8B8790039855}"
EndProject
Project("{FAE04EC0-301F-11D3-BF4B-00C04F79EFBC}") = "Hackaton.WEB", "Hackaton.WEB\Hackaton.WEB.csproj", "{E8EA43A5-33AE-44BB-A2DB-F5FD29FFA0EC}"
EndProject
Global
	GlobalSection(SolutionConfigurationPlatforms) = preSolution
		Debug|Any CPU = Debug|Any CPU
		Release|Any CPU = Release|Any CPU
	EndGlobalSection
	GlobalSection(ProjectConfigurationPlatforms) = postSolution
		{7BD7FE5A-8E19-40D4-AA02-5BF6F4237001}.Debug|Any CPU.ActiveCfg = Debug|Any CPU
		{7BD7FE5A-8E19-40D4-AA02-5BF6F4237001}.Debug|Any CPU.Build.0 = Debug|Any CPU
		{7BD7FE5A-8E19-40D4-AA02-5BF6F4237001}.Release|Any CPU.ActiveCfg = Release|Any CPU
		{7BD7FE5A-8E19-40D4-AA02-5BF6F4237001}.Release|Any CPU.Build.0 = Release|Any CPU
		{40936726-B347-4D3D-9ECA-8B8790039855}.Debug|Any CPU.ActiveCfg = Debug|Any CPU
		{40936726-B347-4D3D-9ECA-8B8790039855}.Debug|Any CPU.Build.0 = Debug|Any CPU
		{40936726-B347-4D3D-9ECA-8B8790039855}.Release|Any CPU.ActiveCfg = Release|Any CPU
		{40936726-B347-4D3D-9ECA-8B8790039855}.Release|Any CPU.Build.0 = Release|Any CPU
		{E8EA43A5-33AE-44BB-A2DB-F5FD29FFA0EC}.Debug|Any CPU.ActiveCfg = Debug|Any CPU
		{E8EA43A5-33AE-44BB-A2DB-F5FD29FFA0EC}.Debug|Any CPU.Build.0 = Debug|Any CPU
		{E8EA43A5-33AE-44BB-A2DB-F5FD29FFA0EC}.Release|Any CPU.ActiveCfg = Release|Any CPU
		{E8EA43A5-33AE-44BB-A2DB-F5FD29FFA0EC}.Release|Any CPU.Build.0 = Release|Any CPU
	EndGlobalSection
	GlobalSection(SolutionProperties) = preSolution
		HideSolutionNode = FALSE
	EndGlobalSection
	GlobalSection(ExtensibilityGlobals) = postSolution
		SolutionGuid = {B726A9B6-F3D5-4053-9647-318BC7FB5E62}
	EndGlobalSection
EndGlobal
